
Microsoft Visual Studio Solution File, Format Version 12.00
# Visual Studio Version 16
VisualStudioVersion = 16.0.29020.237
MinimumVisualStudioVersion = 10.0.40219.1
Project("{FAE04EC0-301F-11D3-BF4B-00C04F79EFBC}") = "Cinema", "Cinema\Cinema.csproj", "{5208F8EC-8C4E-4CC9-9FD3-C677AFF95575}"
EndProject
Global
	GlobalSection(SolutionConfigurationPlatforms) = preSolution
		Debug|Any CPU = Debug|Any CPU
		Release|Any CPU = Release|Any CPU
	EndGlobalSection
	GlobalSection(ProjectConfigurationPlatforms) = postSolution
		{5208F8EC-8C4E-4CC9-9FD3-C677AFF95575}.Debug|Any CPU.ActiveCfg = Debug|Any CPU
		{5208F8EC-8C4E-4CC9-9FD3-C677AFF95575}.Debug|Any CPU.Build.0 = Debug|Any CPU
		{5208F8EC-8C4E-4CC9-9FD3-C677AFF95575}.Release|Any CPU.ActiveCfg = Release|Any CPU
		{5208F8EC-8C4E-4CC9-9FD3-C677AFF95575}.Release|Any CPU.Build.0 = Release|Any CPU
	EndGlobalSection
	GlobalSection(SolutionProperties) = preSolution
		HideSolutionNode = FALSE
	EndGlobalSection
	GlobalSection(ExtensibilityGlobals) = postSolution
		SolutionGuid = {9C3154C1-169D-4BB8-BAE3-FF0EC2F5001C}
	EndGlobalSection
EndGlobal
